github.com/aerogo/codetree v1.2.9 h1:Z01dFVK1Y5R8xF+9vnImtOQ05moEGs7XFNXlQIX28RY=
github.com/aerogo/codetree v1.2.9/go.mod h1:yMnyg3ZbbX5Jhyg6+BZK0LRFd3Vyf1eHREgNqC3CBfE=
github.com/akyoto/assert v0.2.0 h1:lR7OHrbbBNNZFmRVS8I5MzS0ShLH36ZQVZVyg1bvs6A=
github.com/akyoto/assert v0.2.0/go.mod h1:g5e6ag+ksCEQENq/LnmU9z04wCAIFDr8KacBusVL0H8=
github.com/akyoto/color v1.8.7 h1:Sr9z8iFoFF9KMJpHmQH+raFaVrO3wHNFIkFdyQdTsVY=
github.com/akyoto/color v1.8.7/go.mod h1:eNfGr527GIJME/houfnrEIGiVlL5IJsOfuC2I+oby+4=
github.com/akyoto/hash v0.4.4 h1:mabc0rYfRdpCZtnn1AI1k2fCPKDG/1GwYQ3yEf0BqqM=
github.com/akyoto/hash v0.4.4/go.mod h1:fAgQyV3e4H/PiiOruzVuBXSu78h8lnx567lVQ/y5L4s=
github.com/campoy/embedmd v1.0.0/go.mod h1:oxyr9RCiSXg0M3VJ3ks0UGfp98BpSSGr0kpiX3MzVl8=
github.com/dlespiau/covertool v0.0.0-20180314162135-b0c4c6d0583a/go.mod h1:/eQMcW3eA1bzKx23ZYI2H3tXPdJB5JWYTHzoUPBvQY4=
github.com/mattn/go-colorable v0.1.2 h1:/bC9yWikZXAL9uJdulbSfyVNIR3n3trXl+v8+1sx8mU=
github.com/mattn/go-colorable v0.1.2/go.mod h1:U0ppj6V5qS13XJ6of8GYAs25YV2eR4EVcfRqFIhoBtE=
github.com/mattn/go-isatty v0.0.8 h1:HLtExJ+uU2HOZ+wI0Tt5DtUDrx8yhUqDcp7fYERX4CE=
github.com/mattn/go-isatty v0.0.8/go.mod h1:Iq45c/XA43vh69/j3iqttzPXn0bhXyGjM0Hdxcsrc5s=
github.com/mattn/go-isatty v0.0.9 h1:d5US/mDsogSGW37IV293h//ZFaeajb69h+EHFsv2xGg=
github.com/mattn/go-isatty v0.0.9/go.mod h1:YNRxwqDuOph6SZLI9vUUz6OYw3QyUt7WiY2yME+cCiQ=
github.com/mmcloughlin/avo v0.0.0-20190731014047-bb615f61ce85 h1:fWawXi4LYFoJC2n8+ZWhmFWjGUupWLC7Ie8MCybXe74=
github.com/mmcloughlin/avo v0.0.0-20190731014047-bb615f61ce85/go.mod h1:lf5GMZxA5kz8dnCweJuER5Rmbx6dDu6qvw0fO3uYKK8=
github.com/pmezard/go-difflib v1.0.0 h1:4DBwDE0NGyQoBHbLQYPwSUPoCMWR5BEzIk/f1lZbAQM=
github.com/pmezard/go-difflib v1.0.0/go.mod h1:iKH77koFhYxTK1pcRnkKkqfTogsbg7gZNVY4sRDYZ/4=
github.com/urfave/cli v1.20.0/go.mod h1:70zkFmudgCuE/ngEzBv17Jvp/497gISqfk5gWijbERA=
github.com/zeebo/xxh3 v0.0.0-20190817213027-518846a5db2f h1:N0wY15Ny5d+7jhBzTY8kUuQYKdkDhci7fQfkRpXuXgo=
github.com/zeebo/xxh3 v0.0.0-20190817213027-518846a5db2f/go.mod h1:zQumAA1CoO9TWwDRulbw2dFfn736DGPyFLVv3Z1GVgc=
golang.org/x/arch v0.0.0-20181203225421-5a4828bb7045/go.mod h1:cYlCBUl1MsqxdiKgmc4uh7TxZfWSFLOGSRR090WDxt8=
golang.org/x/crypto v0.0.0-20190308221718-c2843e01d9a2/go.mod h1:djNgcEr1/C05ACkg1iLfiJU5Ep61QUkGW8qpdssI0+w=
golang.org/x/net v0.0.0-20190620200207-3b0461eec859/go.mod h1:z5CRVTTTmAJ677TzLLGU+0bjPO0LkuOLi4/5GtJWs/s=
golang.org/x/sync v0.0.0-20190423024810-112230192c58/go.mod h1:RxMgew5VJxzue5/jJTE5uejpjVlOe/izrB70Jof72aM=
golang.org/x/sys v0.0.0-20190215142949-d0b11bdaac8a/go.mod h1:STP8DvDyc/dI5b8T5hshtkjS+E42TnysNCUPdjciGhY=
golang.org/x/sys v0.0.0-20190222072716-a9d3bda3a223 h1:DH4skfRX4EBpamg7iV4ZlCpblAHI6s6TDM39bFZumv8=
golang.org/x/sys v0.0.0-20190222072716-a9d3bda3a223/go.mod h1:STP8DvDyc/dI5b8T5hshtkjS+E42TnysNCUPdjciGhY=
golang.org/x/sys v0.0.0-20190813064441-fde4db37ae7a h1:aYOabOQFp6Vj6W1F80affTUvO9UxmJRx8K0gsfABByQ=
golang.org/x/sys v0.0.0-20190813064441-fde4db37ae7a/go.mod h1:h1NjWce9XRLGQEsW7wpKNCjG9DtNlClVuFLEZdDNbEs=
golang.org/x/text v0.3.0/go.mod h1:NqM8EUOU14njkJ3fqMW+pc6Ldnwhi/IjpwHt7yyuwOQ=
golang.org/x/tools v0.0.0-20190106171756-3ef68632349c/go.mod h1:n7NCudcB/nEzxVGmLbDWY5pfWTLqBcC2KZ6jyYvM4mQ=
golang.org/x/tools v0.0.0-20190816200558-6889da9d5479/go.mod h1:b+2E5dAYhXwXZwtnZ6UAqBI28+e2cm9otk0dWdXHAEo=
golang.org/x/xerrors v0.0.0-20190717185122-a985d3407aa7/go.mod h1:I/5z698sn9Ka8TeJc9MKroUUfqBBauWjQqLJ2OPfmY0=
