github.com/aerogo/codetree v1.2.10 h1:w7uY+BR6kj1sub13gF8aRwSxslIT2pIOw8fXP5KYwh8=
github.com/aerogo/codetree v1.2.10/go.mod h1:yMnyg3ZbbX5Jhyg6+BZK0LRFd3Vyf1eHREgNqC3CBfE=
github.com/akyoto/assert v0.2.0 h1:lR7OHrbbBNNZFmRVS8I5MzS0ShLH36ZQVZVyg1bvs6A=
github.com/akyoto/assert v0.2.0/go.mod h1:g5e6ag+ksCEQENq/LnmU9z04wCAIFDr8KacBusVL0H8=
github.com/akyoto/color v1.8.7 h1:Sr9z8iFoFF9KMJpHmQH+raFaVrO3wHNFIkFdyQdTsVY=
github.com/akyoto/color v1.8.7/go.mod h1:eNfGr527GIJME/houfnrEIGiVlL5IJsOfuC2I+oby+4=
github.com/akyoto/hash v0.4.8 h1:4PdsvyWLon+nMHsP4tZEZb7MiNFil16XqdwyWpY+uaQ=
github.com/akyoto/hash v0.4.8/go.mod h1:ukwV/qacn7OahWH01ogEYvmS4Y0y5yZpauSRhWTdmR8=
github.com/mattn/go-colorable v0.1.2 h1:/bC9yWikZXAL9uJdulbSfyVNIR3n3trXl+v8+1sx8mU=
github.com/mattn/go-colorable v0.1.2/go.mod h1:U0ppj6V5qS13XJ6of8GYAs25YV2eR4EVcfRqFIhoBtE=
github.com/mattn/go-isatty v0.0.8 h1:HLtExJ+uU2HOZ+wI0Tt5DtUDrx8yhUqDcp7fYERX4CE=
github.com/mattn/go-isatty v0.0.8/go.mod h1:Iq45c/XA43vh69/j3iqttzPXn0bhXyGjM0Hdxcsrc5s=
github.com/mattn/go-isatty v0.0.9 h1:d5US/mDsogSGW37IV293h//ZFaeajb69h+EHFsv2xGg=
github.com/mattn/go-isatty v0.0.9/go.mod h1:YNRxwqDuOph6SZLI9vUUz6OYw3QyUt7WiY2yME+cCiQ=
github.com/zeebo/xxh3 v0.0.0-20191021174148-b56a7dc3d80c h1:3PaZXPP1fMCBSQzwmcfLs0pX9wOeZpKduDDcvp6lKCc=
github.com/zeebo/xxh3 v0.0.0-20191021174148-b56a7dc3d80c/go.mod h1:e/zZObEJWtkq6f+bAzme0xQJSGI75oxoeqS+f2I7YVI=
golang.org/x/sys v0.0.0-20190222072716-a9d3bda3a223 h1:DH4skfRX4EBpamg7iV4ZlCpblAHI6s6TDM39bFZumv8=
golang.org/x/sys v0.0.0-20190222072716-a9d3bda3a223/go.mod h1:STP8DvDyc/dI5b8T5hshtkjS+E42TnysNCUPdjciGhY=
golang.org/x/sys v0.0.0-20190813064441-fde4db37ae7a h1:aYOabOQFp6Vj6W1F80affTUvO9UxmJRx8K0gsfABByQ=
golang.org/x/sys v0.0.0-20190813064441-fde4db37ae7a/go.mod h1:h1NjWce9XRLGQEsW7wpKNCjG9DtNlClVuFLEZdDNbEs=
golang.org/x/sys v0.0.0-20190826190057-c7b8b68b1456/go.mod h1:h1NjWce9XRLGQEsW7wpKNCjG9DtNlClVuFLEZdDNbEs=
golang.org/x/sys v0.0.0-20191025090151-53bf42e6b339 h1:zSqWKgm/o7HAnlAzBQ+aetp9fpuyytsXnKA8eiLHYQM=
golang.org/x/sys v0.0.0-20191025090151-53bf42e6b339/go.mod h1:h1NjWce9XRLGQEsW7wpKNCjG9DtNlClVuFLEZdDNbEs=
